
Microsoft Visual Studio Solution File, Format Version 12.00
# Visual Studio Version 17
VisualStudioVersion = 17.10.35013.160
MinimumVisualStudioVersion = 10.0.40219.1
Project("{FAE04EC0-301F-11D3-BF4B-00C04F79EFBC}") = "LinkedList", "LinkedList\LinkedList.csproj", "{48BFD66F-D620-450E-A6C1-AB12FD24BDB9}"
EndProject
Global
	GlobalSection(SolutionConfigurationPlatforms) = preSolution
		Debug|Any CPU = Debug|Any CPU
		Release|Any CPU = Release|Any CPU
	EndGlobalSection
	GlobalSection(ProjectConfigurationPlatforms) = postSolution
		{48BFD66F-D620-450E-A6C1-AB12FD24BDB9}.Debug|Any CPU.ActiveCfg = Debug|Any CPU
		{48BFD66F-D620-450E-A6C1-AB12FD24BDB9}.Debug|Any CPU.Build.0 = Debug|Any CPU
		{48BFD66F-D620-450E-A6C1-AB12FD24BDB9}.Release|Any CPU.ActiveCfg = Release|Any CPU
		{48BFD66F-D620-450E-A6C1-AB12FD24BDB9}.Release|Any CPU.Build.0 = Release|Any CPU
	EndGlobalSection
	GlobalSection(SolutionProperties) = preSolution
		HideSolutionNode = FALSE
	EndGlobalSection
	GlobalSection(ExtensibilityGlobals) = postSolution
		SolutionGuid = {37E03985-2480-4042-A311-9041F311295A}
	EndGlobalSection
EndGlobal
